
Microsoft Visual Studio Solution File, Format Version 12.00
# Visual Studio Version 16
VisualStudioVersion = 16.0.30503.244
MinimumVisualStudioVersion = 10.0.40219.1
Project("{FAE04EC0-301F-11D3-BF4B-00C04F79EFBC}") = "MiniMartApi", "MiniMartApi\MiniMartApi.csproj", "{F14A96CD-4800-44FB-84E5-AB8FFE8C79A1}"
EndProject
Global
	GlobalSection(SolutionConfigurationPlatforms) = preSolution
		Debug|Any CPU = Debug|Any CPU
		Release|Any CPU = Release|Any CPU
	EndGlobalSection
	GlobalSection(ProjectConfigurationPlatforms) = postSolution
		{F14A96CD-4800-44FB-84E5-AB8FFE8C79A1}.Debug|Any CPU.ActiveCfg = Debug|Any CPU
		{F14A96CD-4800-44FB-84E5-AB8FFE8C79A1}.Debug|Any CPU.Build.0 = Debug|Any CPU
		{F14A96CD-4800-44FB-84E5-AB8FFE8C79A1}.Release|Any CPU.ActiveCfg = Release|Any CPU
		{F14A96CD-4800-44FB-84E5-AB8FFE8C79A1}.Release|Any CPU.Build.0 = Release|Any CPU
	EndGlobalSection
	GlobalSection(SolutionProperties) = preSolution
		HideSolutionNode = FALSE
	EndGlobalSection
	GlobalSection(ExtensibilityGlobals) = postSolution
		SolutionGuid = {A07627F2-D6EE-4CF1-953D-5B6CDC7146EE}
	EndGlobalSection
EndGlobal
